// !$*UTF8*$!
{
	archiveVersion = 1;
	classes = {
	};
	objectVersion = 46;
	objects = {

/* Begin PBXBuildFile section */
		0377B80120E389EE00A2EB54 /* Parent.m in Sources */ = {isa = PBXBuildFile; fileRef = 0377B80020E389EE00A2EB54 /* Parent.m */; };
		0377B80620E38ABA00A2EB54 /* Child.m in Sources */ = {isa = PBXBuildFile; fileRef = 0377B80520E38ABA00A2EB54 /* Child.m */; };
		0377B80920E38BF200A2EB54 /* Other.m in Sources */ = {isa = PBXBuildFile; fileRef = 0377B80820E38BF200A2EB54 /* Other.m */; };
		0377B80C20E38C1100A2EB54 /* Parent+Load.m in Sources */ = {isa = PBXBuildFile; fileRef = 0377B80B20E38C1100A2EB54 /* Parent+Load.m */; };
		0377B80F20E38C2C00A2EB54 /* Child+Load.m in Sources */ = {isa = PBXBuildFile; fileRef = 0377B80E20E38C2C00A2EB54 /* Child+Load.m */; };
		0395000C1E4433E200F8C085 /* UIViewController+swizzling.m in Sources */ = {isa = PBXBuildFile; fileRef = 0395000B1E4433E200F8C085 /* UIViewController+swizzling.m */; };
		03CFF6AD1E45720A00D92C18 /* UIImage+image.m in Sources */ = {isa = PBXBuildFile; fileRef = 03CFF6AC1E45720A00D92C18 /* UIImage+image.m */; };
		03CFF6B01E45805F00D92C18 /* NSObject+Property.m in Sources */ = {isa = PBXBuildFile; fileRef = 03CFF6AF1E45805F00D92C18 /* NSObject+Property.m */; };
		03E2A20E1E35D1A400AEDCFF /* main.m in Sources */ = {isa = PBXBuildFile; fileRef = 03E2A20D1E35D1A400AEDCFF /* main.m */; };
		03E2A2111E35D1A400AEDCFF /* AppDelegate.m in Sources */ = {isa = PBXBuildFile; fileRef = 03E2A2101E35D1A400AEDCFF /* AppDelegate.m */; };
		03E2A2141E35D1A400AEDCFF /* ViewController.m in Sources */ = {isa = PBXBuildFile; fileRef = 03E2A2131E35D1A400AEDCFF /* ViewController.m */; };
		03E2A2171E35D1A400AEDCFF /* Main.storyboard in Resources */ = {isa = PBXBuildFile; fileRef = 03E2A2151E35D1A400AEDCFF /* Main.storyboard */; };
		03E2A2191E35D1A400AEDCFF /* Assets.xcassets in Resources */ = {isa = PBXBuildFile; fileRef = 03E2A2181E35D1A400AEDCFF /* Assets.xcassets */; };
		03E2A21C1E35D1A400AEDCFF /* LaunchScreen.storyboard in Resources */ = {isa = PBXBuildFile; fileRef = 03E2A21A1E35D1A400AEDCFF /* LaunchScreen.storyboard */; };
		03E2A2251E35D61F00AEDCFF /* Person.m in Sources */ = {isa = PBXBuildFile; fileRef = 03E2A2241E35D61F00AEDCFF /* Person.m */; };
/* End PBXBuildFile section */

/* Begin PBXFileReference section */
		0377B7FF20E389EE00A2EB54 /* Parent.h */ = {isa = PBXFileReference; lastKnownFileType = sourcecode.c.h; path = Parent.h; sourceTree = "<group>"; };
		0377B80020E389EE00A2EB54 /* Parent.m */ = {isa = PBXFileReference; lastKnownFileType = sourcecode.c.objc; path = Parent.m; sourceTree = "<group>"; };
		0377B80420E38ABA00A2EB54 /* Child.h */ = {isa = PBXFileReference; lastKnownFileType = sourcecode.c.h; path = Child.h; sourceTree = "<group>"; };
		0377B80520E38ABA00A2EB54 /* Child.m */ = {isa = PBXFileReference; lastKnownFileType = sourcecode.c.objc; path = Child.m; sourceTree = "<group>"; };
		0377B80720E38BF200A2EB54 /* Other.h */ = {isa = PBXFileReference; lastKnownFileType = sourcecode.c.h; path = Other.h; sourceTree = "<group>"; };
		0377B80820E38BF200A2EB54 /* Other.m */ = {isa = PBXFileReference; lastKnownFileType = sourcecode.c.objc; path = Other.m; sourceTree = "<group>"; };
		0377B80A20E38C1100A2EB54 /* Parent+Load.h */ = {isa = PBXFileReference; lastKnownFileType = sourcecode.c.h; path = "Parent+Load.h"; sourceTree = "<group>"; };
		0377B80B20E38C1100A2EB54 /* Parent+Load.m */ = {isa = PBXFileReference; lastKnownFileType = sourcecode.c.objc; path = "Parent+Load.m"; sourceTree = "<group>"; };
		0377B80D20E38C2C00A2EB54 /* Child+Load.h */ = {isa = PBXFileReference; lastKnownFileType = sourcecode.c.h; path = "Child+Load.h"; sourceTree = "<group>"; };
		0377B80E20E38C2C00A2EB54 /* Child+Load.m */ = {isa = PBXFileReference; lastKnownFileType = sourcecode.c.objc; path = "Child+Load.m"; sourceTree = "<group>"; };
		0377B81020E38D4100A2EB54 /* iOS之+load和+initialize的区别.md */ = {isa = PBXFileReference; lastKnownFileType = net.daringfireball.markdown; path = "iOS之+load和+initialize的区别.md"; sourceTree = "<group>"; };
		0395000A1E4433E200F8C085 /* UIViewController+swizzling.h */ = {isa = PBXFileReference; fileEncoding = 4; lastKnownFileType = sourcecode.c.h; path = "UIViewController+swizzling.h"; sourceTree = "<group>"; };
		0395000B1E4433E200F8C085 /* UIViewController+swizzling.m */ = {isa = PBXFileReference; fileEncoding = 4; lastKnownFileType = sourcecode.c.objc; path = "UIViewController+swizzling.m"; sourceTree = "<group>"; };
		03CFF6AB1E45720A00D92C18 /* UIImage+image.h */ = {isa = PBXFileReference; fileEncoding = 4; lastKnownFileType = sourcecode.c.h; path = "UIImage+image.h"; sourceTree = "<group>"; };
		03CFF6AC1E45720A00D92C18 /* UIImage+image.m */ = {isa = PBXFileReference; fileEncoding = 4; lastKnownFileType = sourcecode.c.objc; path = "UIImage+image.m"; sourceTree = "<group>"; };
		03CFF6AE1E45805F00D92C18 /* NSObject+Property.h */ = {isa = PBXFileReference; fileEncoding = 4; lastKnownFileType = sourcecode.c.h; path = "NSObject+Property.h"; sourceTree = "<group>"; };
		03CFF6AF1E45805F00D92C18 /* NSObject+Property.m */ = {isa = PBXFileReference; fileEncoding = 4; lastKnownFileType = sourcecode.c.objc; path = "NSObject+Property.m"; sourceTree = "<group>"; };
		03E2A2091E35D1A400AEDCFF /* 001-runtime简单使用.app */ = {isa = PBXFileReference; explicitFileType = wrapper.application; includeInIndex = 0; path = "001-runtime简单使用.app"; sourceTree = BUILT_PRODUCTS_DIR; };
		03E2A20D1E35D1A400AEDCFF /* main.m */ = {isa = PBXFileReference; lastKnownFileType = sourcecode.c.objc; path = main.m; sourceTree = "<group>"; };
		03E2A20F1E35D1A400AEDCFF /* AppDelegate.h */ = {isa = PBXFileReference; lastKnownFileType = sourcecode.c.h; path = AppDelegate.h; sourceTree = "<group>"; };
		03E2A2101E35D1A400AEDCFF /* AppDelegate.m */ = {isa = PBXFileReference; lastKnownFileType = sourcecode.c.objc; path = AppDelegate.m; sourceTree = "<group>"; };
		03E2A2121E35D1A400AEDCFF /* ViewController.h */ = {isa = PBXFileReference; lastKnownFileType = sourcecode.c.h; path = ViewController.h; sourceTree = "<group>"; };
		03E2A2131E35D1A400AEDCFF /* ViewController.m */ = {isa = PBXFileReference; lastKnownFileType = sourcecode.c.objc; path = ViewController.m; sourceTree = "<group>"; };
		03E2A2161E35D1A400AEDCFF /* Base */ = {isa = PBXFileReference; lastKnownFileType = file.storyboard; name = Base; path = Base.lproj/Main.storyboard; sourceTree = "<group>"; };
		03E2A2181E35D1A400AEDCFF /* Assets.xcassets */ = {isa = PBXFileReference; lastKnownFileType = folder.assetcatalog; path = Assets.xcassets; sourceTree = "<group>"; };
		03E2A21B1E35D1A400AEDCFF /* Base */ = {isa = PBXFileReference; lastKnownFileType = file.storyboard; name = Base; path = Base.lproj/LaunchScreen.storyboard; sourceTree = "<group>"; };
		03E2A21D1E35D1A400AEDCFF /* Info.plist */ = {isa = PBXFileReference; lastKnownFileType = text.plist.xml; path = Info.plist; sourceTree = "<group>"; };
		03E2A2231E35D61F00AEDCFF /* Person.h */ = {isa = PBXFileReference; fileEncoding = 4; lastKnownFileType = sourcecode.c.h; path = Person.h; sourceTree = "<group>"; };
		03E2A2241E35D61F00AEDCFF /* Person.m */ = {isa = PBXFileReference; fileEncoding = 4; lastKnownFileType = sourcecode.c.objc; path = Person.m; sourceTree = "<group>"; };
/* End PBXFileReference section */

/* Begin PBXFrameworksBuildPhase section */
		03E2A2061E35D1A400AEDCFF /* Frameworks */ = {
			isa = PBXFrameworksBuildPhase;
			buildActionMask = 2147483647;
			files = (
			);
			runOnlyForDeploymentPostprocessing = 0;
		};
/* End PBXFrameworksBuildPhase section */

/* Begin PBXGroup section */
		0377B80320E38A9800A2EB54 /* load与initialize区别 */ = {
			isa = PBXGroup;
			children = (
				0377B81020E38D4100A2EB54 /* iOS之+load和+initialize的区别.md */,
				0377B7FF20E389EE00A2EB54 /* Parent.h */,
				0377B80020E389EE00A2EB54 /* Parent.m */,
				0377B80420E38ABA00A2EB54 /* Child.h */,
				0377B80520E38ABA00A2EB54 /* Child.m */,
				0377B80720E38BF200A2EB54 /* Other.h */,
				0377B80820E38BF200A2EB54 /* Other.m */,
				0377B80A20E38C1100A2EB54 /* Parent+Load.h */,
				0377B80B20E38C1100A2EB54 /* Parent+Load.m */,
				0377B80D20E38C2C00A2EB54 /* Child+Load.h */,
				0377B80E20E38C2C00A2EB54 /* Child+Load.m */,
			);
			path = "load与initialize区别";
			sourceTree = "<group>";
		};
		03E2A2001E35D1A400AEDCFF = {
			isa = PBXGroup;
			children = (
				03E2A20B1E35D1A400AEDCFF /* 001-runtime简单使用 */,
				03E2A20A1E35D1A400AEDCFF /* Products */,
			);
			sourceTree = "<group>";
		};
		03E2A20A1E35D1A400AEDCFF /* Products */ = {
			isa = PBXGroup;
			children = (
				03E2A2091E35D1A400AEDCFF /* 001-runtime简单使用.app */,
			);
			name = Products;
			sourceTree = "<group>";
		};
		03E2A20B1E35D1A400AEDCFF /* 001-runtime简单使用 */ = {
			isa = PBXGroup;
			children = (
				03E2A20F1E35D1A400AEDCFF /* AppDelegate.h */,
				03E2A2101E35D1A400AEDCFF /* AppDelegate.m */,
				03E2A2121E35D1A400AEDCFF /* ViewController.h */,
				03E2A2131E35D1A400AEDCFF /* ViewController.m */,
				0395000A1E4433E200F8C085 /* UIViewController+swizzling.h */,
				0395000B1E4433E200F8C085 /* UIViewController+swizzling.m */,
				03CFF6AB1E45720A00D92C18 /* UIImage+image.h */,
				03CFF6AC1E45720A00D92C18 /* UIImage+image.m */,
				03CFF6AE1E45805F00D92C18 /* NSObject+Property.h */,
				03CFF6AF1E45805F00D92C18 /* NSObject+Property.m */,
				03E2A2231E35D61F00AEDCFF /* Person.h */,
				03E2A2241E35D61F00AEDCFF /* Person.m */,
				0377B80320E38A9800A2EB54 /* load与initialize区别 */,
				03E2A2151E35D1A400AEDCFF /* Main.storyboard */,
				03E2A2181E35D1A400AEDCFF /* Assets.xcassets */,
				03E2A21A1E35D1A400AEDCFF /* LaunchScreen.storyboard */,
				03E2A21D1E35D1A400AEDCFF /* Info.plist */,
				03E2A20C1E35D1A400AEDCFF /* Supporting Files */,
			);
			path = "001-runtime简单使用";
			sourceTree = "<group>";
		};
		03E2A20C1E35D1A400AEDCFF /* Supporting Files */ = {
			isa = PBXGroup;
			children = (
				03E2A20D1E35D1A400AEDCFF /* main.m */,
			);
			name = "Supporting Files";
			sourceTree = "<group>";
		};
/* End PBXGroup section */

/* Begin PBXNativeTarget section */
		03E2A2081E35D1A400AEDCFF /* 001-runtime简单使用 */ = {
			isa = PBXNativeTarget;
			buildConfigurationList = 03E2A2201E35D1A400AEDCFF /* Build configuration list for PBXNativeTarget "001-runtime简单使用" */;
			buildPhases = (
				03E2A2051E35D1A400AEDCFF /* Sources */,
				03E2A2061E35D1A400AEDCFF /* Frameworks */,
				03E2A2071E35D1A400AEDCFF /* Resources */,
			);
			buildRules = (
			);
			dependencies = (
			);
			name = "001-runtime简单使用";
			productName = "001-runtime简单使用";
			productReference = 03E2A2091E35D1A400AEDCFF /* 001-runtime简单使用.app */;
			productType = "com.apple.product-type.application";
		};
/* End PBXNativeTarget section */

/* Begin PBXProject section */
		03E2A2011E35D1A400AEDCFF /* Project object */ = {
			isa = PBXProject;
			attributes = {
				LastUpgradeCheck = 0940;
				ORGANIZATIONNAME = com.egintra;
				TargetAttributes = {
					03E2A2081E35D1A400AEDCFF = {
						CreatedOnToolsVersion = 8.2.1;
						DevelopmentTeam = HWZH7TV284;
						ProvisioningStyle = Automatic;
					};
				};
			};
			buildConfigurationList = 03E2A2041E35D1A400AEDCFF /* Build configuration list for PBXProject "001-runtime简单使用" */;
			compatibilityVersion = "Xcode 3.2";
			developmentRegion = English;
			hasScannedForEncodings = 0;
			knownRegions = (
				en,
				Base,
			);
			mainGroup = 03E2A2001E35D1A400AEDCFF;
			productRefGroup = 03E2A20A1E35D1A400AEDCFF /* Products */;
			projectDirPath = "";
			projectRoot = "";
			targets = (
				03E2A2081E35D1A400AEDCFF /* 001-runtime简单使用 */,
			);
		};
/* End PBXProject section */

/* Begin PBXResourcesBuildPhase section */
		03E2A2071E35D1A400AEDCFF /* Resources */ = {
			isa = PBXResourcesBuildPhase;
			buildActionMask = 2147483647;
			files = (
				03E2A21C1E35D1A400AEDCFF /* LaunchScreen.storyboard in Resources */,
				03E2A2191E35D1A400AEDCFF /* Assets.xcassets in Resources */,
				03E2A2171E35D1A400AEDCFF /* Main.storyboard in Resources */,
			);
			runOnlyForDeploymentPostprocessing = 0;
		};
/* End PBXResourcesBuildPhase section */

/* Begin PBXSourcesBuildPhase section */
		03E2A2051E35D1A400AEDCFF /* Sources */ = {
			isa = PBXSourcesBuildPhase;
			buildActionMask = 2147483647;
			files = (
				0377B80620E38ABA00A2EB54 /* Child.m in Sources */,
				03E2A2141E35D1A400AEDCFF /* ViewController.m in Sources */,
				03E2A2111E35D1A400AEDCFF /* AppDelegate.m in Sources */,
				03CFF6B01E45805F00D92C18 /* NSObject+Property.m in Sources */,
				0395000C1E4433E200F8C085 /* UIViewController+swizzling.m in Sources */,
				03E2A2251E35D61F00AEDCFF /* Person.m in Sources */,
				0377B80F20E38C2C00A2EB54 /* Child+Load.m in Sources */,
				0377B80120E389EE00A2EB54 /* Parent.m in Sources */,
				03E2A20E1E35D1A400AEDCFF /* main.m in Sources */,
				0377B80C20E38C1100A2EB54 /* Parent+Load.m in Sources */,
				0377B80920E38BF200A2EB54 /* Other.m in Sources */,
				03CFF6AD1E45720A00D92C18 /* UIImage+image.m in Sources */,
			);
			runOnlyForDeploymentPostprocessing = 0;
		};
/* End PBXSourcesBuildPhase section */

/* Begin PBXVariantGroup section */
		03E2A2151E35D1A400AEDCFF /* Main.storyboard */ = {
			isa = PBXVariantGroup;
			children = (
				03E2A2161E35D1A400AEDCFF /* Base */,
			);
			name = Main.storyboard;
			sourceTree = "<group>";
		};
		03E2A21A1E35D1A400AEDCFF /* LaunchScreen.storyboard */ = {
			isa = PBXVariantGroup;
			children = (
				03E2A21B1E35D1A400AEDCFF /* Base */,
			);
			name = LaunchScreen.storyboard;
			sourceTree = "<group>";
		};
/* End PBXVariantGroup section */

/* Begin XCBuildConfiguration section */
		03E2A21E1E35D1A400AEDCFF /* Debug */ = {
			isa = XCBuildConfiguration;
			buildSettings = {
				ALWAYS_SEARCH_USER_PATHS = NO;
				CLANG_ANALYZER_NONNULL = YES;
				CLANG_CXX_LANGUAGE_STANDARD = "gnu++0x";
				CLANG_CXX_LIBRARY = "libc++";
				CLANG_ENABLE_MODULES = YES;
				CLANG_ENABLE_OBJC_ARC = YES;
				CLANG_WARN_BLOCK_CAPTURE_AUTORELEASING = YES;
				CLANG_WARN_BOOL_CONVERSION = YES;
				CLANG_WARN_COMMA = YES;
				CLANG_WARN_CONSTANT_CONVERSION = YES;
				CLANG_WARN_DEPRECATED_OBJC_IMPLEMENTATIONS = YES;
				CLANG_WARN_DIRECT_OBJC_ISA_USAGE = YES_ERROR;
				CLANG_WARN_DOCUMENTATION_COMMENTS = YES;
				CLANG_WARN_EMPTY_BODY = YES;
				CLANG_WARN_ENUM_CONVERSION = YES;
				CLANG_WARN_INFINITE_RECURSION = YES;
				CLANG_WARN_INT_CONVERSION = YES;
				CLANG_WARN_NON_LITERAL_NULL_CONVERSION = YES;
				CLANG_WARN_OBJC_IMPLICIT_RETAIN_SELF = YES;
				CLANG_WARN_OBJC_LITERAL_CONVERSION = YES;
				CLANG_WARN_OBJC_ROOT_CLASS = YES_ERROR;
				CLANG_WARN_RANGE_LOOP_ANALYSIS = YES;
				CLANG_WARN_STRICT_PROTOTYPES = YES;
				CLANG_WARN_SUSPICIOUS_MOVE = YES;
				CLANG_WARN_UNREACHABLE_CODE = YES;
				CLANG_WARN__DUPLICATE_METHOD_MATCH = YES;
				"CODE_SIGN_IDENTITY[sdk=iphoneos*]" = "iPhone Developer";
				COPY_PHASE_STRIP = NO;
				DEBUG_INFORMATION_FORMAT = dwarf;
				ENABLE_STRICT_OBJC_MSGSEND = YES;
				ENABLE_TESTABILITY = YES;
				GCC_C_LANGUAGE_STANDARD = gnu99;
				GCC_DYNAMIC_NO_PIC = NO;
				GCC_NO_COMMON_BLOCKS = YES;
				GCC_OPTIMIZATION_LEVEL = 0;
				GCC_PREPROCESSOR_DEFINITIONS = (
					"DEBUG=1",
					"$(inherited)",
				);
				GCC_WARN_64_TO_32_BIT_CONVERSION = YES;
				GCC_WARN_ABOUT_RETURN_TYPE = YES_ERROR;
				GCC_WARN_UNDECLARED_SELECTOR = YES;
				GCC_WARN_UNINITIALIZED_AUTOS = YES_AGGRESSIVE;
				GCC_WARN_UNUSED_FUNCTION = YES;
				GCC_WARN_UNUSED_VARIABLE = YES;
				IPHONEOS_DEPLOYMENT_TARGET = 10.2;
				MTL_ENABLE_DEBUG_INFO = YES;
				ONLY_ACTIVE_ARCH = YES;
				SDKROOT = iphoneos;
			};
			name = Debug;
		};
		03E2A21F1E35D1A400AEDCFF /* Release */ = {
			isa = XCBuildConfiguration;
			buildSettings = {
				ALWAYS_SEARCH_USER_PATHS = NO;
				CLANG_ANALYZER_NONNULL = YES;
				CLANG_CXX_LANGUAGE_STANDARD = "gnu++0x";
				CLANG_CXX_LIBRARY = "libc++";
				CLANG_ENABLE_MODULES = YES;
				CLANG_ENABLE_OBJC_ARC = YES;
				CLANG_WARN_BLOCK_CAPTURE_AUTORELEASING = YES;
				CLANG_WARN_BOOL_CONVERSION = YES;
				CLANG_WARN_COMMA = YES;
				CLANG_WARN_CONSTANT_CONVERSION = YES;
				CLANG_WARN_DEPRECATED_OBJC_IMPLEMENTATIONS = YES;
				CLANG_WARN_DIRECT_OBJC_ISA_USAGE = YES_ERROR;
				CLANG_WARN_DOCUMENTATION_COMMENTS = YES;
				CLANG_WARN_EMPTY_BODY = YES;
				CLANG_WARN_ENUM_CONVERSION = YES;
				CLANG_WARN_INFINITE_RECURSION = YES;
				CLANG_WARN_INT_CONVERSION = YES;
				CLANG_WARN_NON_LITERAL_NULL_CONVERSION = YES;
				CLANG_WARN_OBJC_IMPLICIT_RETAIN_SELF = YES;
				CLANG_WARN_OBJC_LITERAL_CONVERSION = YES;
				CLANG_WARN_OBJC_ROOT_CLASS = YES_ERROR;
				CLANG_WARN_RANGE_LOOP_ANALYSIS = YES;
				CLANG_WARN_STRICT_PROTOTYPES = YES;
				CLANG_WARN_SUSPICIOUS_MOVE = YES;
				CLANG_WARN_UNREACHABLE_CODE = YES;
				CLANG_WARN__DUPLICATE_METHOD_MATCH = YES;
				"CODE_SIGN_IDENTITY[sdk=iphoneos*]" = "iPhone Developer";
				COPY_PHASE_STRIP = NO;
				DEBUG_INFORMATION_FORMAT = "dwarf-with-dsym";
				ENABLE_NS_ASSERTIONS = NO;
				ENABLE_STRICT_OBJC_MSGSEND = YES;
				GCC_C_LANGUAGE_STANDARD = gnu99;
				GCC_NO_COMMON_BLOCKS = YES;
				GCC_WARN_64_TO_32_BIT_CONVERSION = YES;
				GCC_WARN_ABOUT_RETURN_TYPE = YES_ERROR;
				GCC_WARN_UNDECLARED_SELECTOR = YES;
				GCC_WARN_UNINITIALIZED_AUTOS = YES_AGGRESSIVE;
				GCC_WARN_UNUSED_FUNCTION = YES;
				GCC_WARN_UNUSED_VARIABLE = YES;
				IPHONEOS_DEPLOYMENT_TARGET = 10.2;
				MTL_ENABLE_DEBUG_INFO = NO;
				SDKROOT = iphoneos;
				VALIDATE_PRODUCT = YES;
			};
			name = Release;
		};
		03E2A2211E35D1A400AEDCFF /* Debug */ = {
			isa = XCBuildConfiguration;
			buildSettings = {
				ASSETCATALOG_COMPILER_APPICON_NAME = AppIcon;
				DEVELOPMENT_TEAM = HWZH7TV284;
				INFOPLIST_FILE = "001-runtime简单使用/Info.plist";
				LD_RUNPATH_SEARCH_PATHS = "$(inherited) @executable_path/Frameworks";
				PRODUCT_BUNDLE_IDENTIFIER = "egintra.-01-runtime----";
				PRODUCT_NAME = "$(TARGET_NAME)";
			};
			name = Debug;
		};
		03E2A2221E35D1A400AEDCFF /* Release */ = {
			isa = XCBuildConfiguration;
			buildSettings = {
				ASSETCATALOG_COMPILER_APPICON_NAME = AppIcon;
				DEVELOPMENT_TEAM = HWZH7TV284;
				INFOPLIST_FILE = "001-runtime简单使用/Info.plist";
				LD_RUNPATH_SEARCH_PATHS = "$(inherited) @executable_path/Frameworks";
				PRODUCT_BUNDLE_IDENTIFIER = "egintra.-01-runtime----";
				PRODUCT_NAME = "$(TARGET_NAME)";
			};
			name = Release;
		};
/* End XCBuildConfiguration section */

/* Begin XCConfigurationList section */
		03E2A2041E35D1A400AEDCFF /* Build configuration list for PBXProject "001-runtime简单使用" */ = {
			isa = XCConfigurationList;
			buildConfigurations = (
				03E2A21E1E35D1A400AEDCFF /* Debug */,
				03E2A21F1E35D1A400AEDCFF /* Release */,
			);
			defaultConfigurationIsVisible = 0;
			defaultConfigurationName = Release;
		};
		03E2A2201E35D1A400AEDCFF /* Build configuration list for PBXNativeTarget "001-runtime简单使用" */ = {
			isa = XCConfigurationList;
			buildConfigurations = (
				03E2A2211E35D1A400AEDCFF /* Debug */,
				03E2A2221E35D1A400AEDCFF /* Release */,
			);
			defaultConfigurationIsVisible = 0;
			defaultConfigurationName = Release;
		};
/* End XCConfigurationList section */
	};
	rootObject = 03E2A2011E35D1A400AEDCFF /* Project object */;
}
